# Generated by pub
# See https://dart.dev/tools/pub/glossary#lockfile
packages:
  _fe_analyzer_shared:
    dependency: transitive
    description:
      name: _fe_analyzer_shared
      url: "https://pub.flutter-io.cn"
    source: hosted
    version: "22.0.0"
  analyzer:
    dependency: transitive
    description:
      name: analyzer
      url: "https://pub.flutter-io.cn"
    source: hosted
    version: "1.7.2"
  archive:
    dependency: transitive
    description:
      name: archive
      url: "https://pub.flutter-io.cn"
    source: hosted
    version: "3.2.2"
  args:
    dependency: transitive
    description:
      name: args
      url: "https://pub.flutter-io.cn"
    source: hosted
    version: "2.3.0"
  asn1lib:
    dependency: transitive
    description:
      name: asn1lib
      url: "https://pub.flutter-io.cn"
    source: hosted
    version: "1.1.0"
  async:
    dependency: transitive
    description:
      name: async
      url: "https://pub.flutter-io.cn"
    source: hosted
    version: "2.8.2"
  badges:
    dependency: "direct main"
    description:
      name: badges
      url: "https://pub.flutter-io.cn"
    source: hosted
    version: "2.0.2"
  basics:
    dependency: transitive
    description:
      name: basics
      url: "https://pub.flutter-io.cn"
    source: hosted
    version: "0.6.0"
  boolean_selector:
    dependency: transitive
    description:
      name: boolean_selector
      url: "https://pub.flutter-io.cn"
    source: hosted
    version: "2.1.0"
  build:
    dependency: transitive
    description:
      name: build
      url: "https://pub.flutter-io.cn"
    source: hosted
    version: "2.0.3"
  build_config:
    dependency: transitive
    description:
      name: build_config
      url: "https://pub.flutter-io.cn"
    source: hosted
    version: "0.4.7"
  build_daemon:
    dependency: transitive
    description:
      name: build_daemon
      url: "https://pub.flutter-io.cn"
    source: hosted
    version: "2.1.10"
  build_resolvers:
    dependency: transitive
    description:
      name: build_resolvers
      url: "https://pub.flutter-io.cn"
    source: hosted
    version: "2.0.4"
  build_runner:
    dependency: "direct dev"
    description:
      name: build_runner
      url: "https://pub.flutter-io.cn"
    source: hosted
    version: "1.12.2"
  build_runner_core:
    dependency: transitive
    description:
      name: build_runner_core
      url: "https://pub.flutter-io.cn"
    source: hosted
    version: "6.1.12"
  built_collection:
    dependency: transitive
    description:
      name: built_collection
      url: "https://pub.flutter-io.cn"
    source: hosted
    version: "5.1.1"
  built_value:
    dependency: transitive
    description:
      name: built_value
      url: "https://pub.flutter-io.cn"
    source: hosted
    version: "8.1.4"
  cached_network_image:
    dependency: "direct main"
    description:
      name: cached_network_image
      url: "https://pub.flutter-io.cn"
    source: hosted
    version: "3.2.0"
  cached_network_image_platform_interface:
    dependency: transitive
    description:
      name: cached_network_image_platform_interface
      url: "https://pub.flutter-io.cn"
    source: hosted
    version: "1.0.0"
  cached_network_image_web:
    dependency: transitive
    description:
      name: cached_network_image_web
      url: "https://pub.flutter-io.cn"
    source: hosted
    version: "1.0.1"
  characters:
    dependency: transitive
    description:
      name: characters
      url: "https://pub.flutter-io.cn"
    source: hosted
    version: "1.2.0"
  charcode:
    dependency: transitive
    description:
      name: charcode
      url: "https://pub.flutter-io.cn"
    source: hosted
    version: "1.3.1"
  checked_yaml:
    dependency: transitive
    description:
      name: checked_yaml
      url: "https://pub.flutter-io.cn"
    source: hosted
    version: "2.0.1"
  chewie:
    dependency: "direct main"
    description:
      path: "."
      ref: main
      resolved-ref: "1c6a3f6a7f534204d5c040133a8a6f35130f3204"
      url: "https://github.com/waitwalker/chewie_flutter_2.git"
    source: git
    version: "0.9.8+2"
  cli_util:
    dependency: transitive
    description:
      name: cli_util
      url: "https://pub.flutter-io.cn"
    source: hosted
    version: "0.3.5"
  clock:
    dependency: transitive
    description:
      name: clock
      url: "https://pub.flutter-io.cn"
    source: hosted
    version: "1.1.0"
  code_builder:
    dependency: transitive
    description:
      name: code_builder
      url: "https://pub.flutter-io.cn"
    source: hosted
    version: "3.7.0"
  collection:
    dependency: "direct main"
    description:
      name: collection
      url: "https://pub.flutter-io.cn"
    source: hosted
    version: "1.15.0"
  connectivity:
    dependency: "direct main"
    description:
      name: connectivity
      url: "https://pub.flutter-io.cn"
    source: hosted
    version: "3.0.6"
  connectivity_for_web:
    dependency: transitive
    description:
      name: connectivity_for_web
      url: "https://pub.flutter-io.cn"
    source: hosted
    version: "0.4.0+1"
  connectivity_macos:
    dependency: transitive
    description:
      name: connectivity_macos
      url: "https://pub.flutter-io.cn"
    source: hosted
    version: "0.2.1+2"
  connectivity_platform_interface:
    dependency: transitive
    description:
      name: connectivity_platform_interface
      url: "https://pub.flutter-io.cn"
    source: hosted
    version: "2.0.1"
  convert:
    dependency: transitive
    description:
      name: convert
      url: "https://pub.flutter-io.cn"
    source: hosted
    version: "3.0.1"
  cross_file:
    dependency: transitive
    description:
      name: cross_file
      url: "https://pub.flutter-io.cn"
    source: hosted
    version: "0.3.2"
  crypto:
    dependency: "direct main"
    description:
      name: crypto
      url: "https://pub.flutter-io.cn"
    source: hosted
    version: "3.0.1"
  cryptography:
    dependency: "direct main"
    description:
      name: cryptography
      url: "https://pub.flutter-io.cn"
    source: hosted
    version: "2.0.5"
  cupertino_icons:
    dependency: "direct main"
    description:
      name: cupertino_icons
      url: "https://pub.flutter-io.cn"
    source: hosted
    version: "1.0.4"
  dart_style:
    dependency: transitive
    description:
      name: dart_style
      url: "https://pub.flutter-io.cn"
    source: hosted
    version: "2.1.1"
  date_format:
    dependency: "direct main"
    description:
      name: date_format
      url: "https://pub.flutter-io.cn"
    source: hosted
    version: "2.0.5"
  device_info:
    dependency: "direct main"
    description:
      name: device_info
      url: "https://pub.flutter-io.cn"
    source: hosted
    version: "2.0.3"
  device_info_platform_interface:
    dependency: transitive
    description:
      name: device_info_platform_interface
      url: "https://pub.flutter-io.cn"
    source: hosted
    version: "2.0.1"
  dio:
    dependency: "direct main"
    description:
      name: dio
      url: "https://pub.flutter-io.cn"
    source: hosted
    version: "4.0.4"
  dotted_border:
    dependency: "direct main"
    description:
      name: dotted_border
      url: "https://pub.flutter-io.cn"
    source: hosted
    version: "2.0.0+1"
  encrypt:
    dependency: "direct main"
    description:
      name: encrypt
      url: "https://pub.flutter-io.cn"
    source: hosted
    version: "5.0.1"
  equatable:
    dependency: "direct main"
    description:
      name: equatable
      url: "https://pub.flutter-io.cn"
    source: hosted
    version: "2.0.3"
  event_bus:
    dependency: "direct main"
    description:
      name: event_bus
      url: "https://pub.flutter-io.cn"
    source: hosted
    version: "2.0.0"
  fake_async:
    dependency: transitive
    description:
      name: fake_async
      url: "https://pub.flutter-io.cn"
    source: hosted
    version: "1.2.0"
  ffi:
    dependency: transitive
    description:
      name: ffi
      url: "https://pub.flutter-io.cn"
    source: hosted
    version: "1.1.2"
  file:
    dependency: transitive
    description:
      name: file
      url: "https://pub.flutter-io.cn"
    source: hosted
    version: "6.1.2"
  file_utils:
    dependency: transitive
    description:
      name: file_utils
      url: "https://pub.flutter-io.cn"
    source: hosted
    version: "1.0.1"
  fixnum:
    dependency: transitive
    description:
      name: fixnum
      url: "https://pub.flutter-io.cn"
    source: hosted
    version: "1.0.0"
  fk_user_agent:
    dependency: "direct main"
    description:
      name: fk_user_agent
      url: "https://pub.flutter-io.cn"
    source: hosted
    version: "2.1.0"
  fl_chart:
    dependency: "direct main"
    description:
      name: fl_chart
      url: "https://pub.flutter-io.cn"
    source: hosted
    version: "0.41.0"
  flare_flutter:
    dependency: "direct main"
    description:
      name: flare_flutter
      url: "https://pub.flutter-io.cn"
    source: hosted
    version: "3.0.2"
  flutter:
    dependency: "direct main"
    description: flutter
    source: sdk
    version: "0.0.0"
  flutter_advanced_segment:
    dependency: "direct main"
    description:
      name: flutter_advanced_segment
      url: "https://pub.flutter-io.cn"
    source: hosted
    version: "2.0.2+1"
  flutter_blurhash:
    dependency: transitive
    description:
      name: flutter_blurhash
      url: "https://pub.flutter-io.cn"
    source: hosted
    version: "0.6.4"
  flutter_bugly:
    dependency: "direct main"
    description:
      name: flutter_bugly
      url: "https://pub.flutter-io.cn"
    source: hosted
    version: "0.4.4"
  flutter_cache_manager:
    dependency: transitive
    description:
      name: flutter_cache_manager
      url: "https://pub.flutter-io.cn"
    source: hosted
    version: "3.3.0"
  flutter_datetime_picker:
    dependency: "direct main"
    description:
      path: "."
      ref: master
      resolved-ref: "654aca41d5840fe31e55ddd0631f6fd3f1f0f710"
      url: "https://github.com/AlexHartford/flutter_datetime_picker.git"
    source: git
    version: "1.4.0"
  flutter_easyloading:
    dependency: "direct main"
    description:
      name: flutter_easyloading
      url: "https://pub.flutter-io.cn"
    source: hosted
    version: "3.0.3"
  flutter_easyrefresh:
    dependency: "direct main"
    description:
      name: flutter_easyrefresh
      url: "https://pub.flutter-io.cn"
    source: hosted
    version: "2.2.1"
  flutter_image_compress:
    dependency: "direct main"
    description:
      name: flutter_image_compress
      url: "https://pub.flutter-io.cn"
    source: hosted
    version: "1.1.0"
  flutter_localizations:
    dependency: "direct main"
    description: flutter
    source: sdk
    version: "0.0.0"
  flutter_native_image:
    dependency: "direct main"
    description:
      name: flutter_native_image
      url: "https://pub.flutter-io.cn"
    source: hosted
    version: "0.0.6+1"
  flutter_plugin_android_lifecycle:
    dependency: transitive
    description:
      name: flutter_plugin_android_lifecycle
      url: "https://pub.flutter-io.cn"
    source: hosted
    version: "2.0.5"
  flutter_redux:
    dependency: "direct main"
    description:
      name: flutter_redux
      url: "https://pub.flutter-io.cn"
    source: hosted
    version: "0.8.2"
  flutter_slidable:
    dependency: "direct main"
    description:
      name: flutter_slidable
      url: "https://pub.flutter-io.cn"
    source: hosted
    version: "0.6.0"
  flutter_spinkit:
    dependency: "direct main"
    description:
      name: flutter_spinkit
      url: "https://pub.flutter-io.cn"
    source: hosted
    version: "5.1.0"
  flutter_styled_toast:
    dependency: "direct main"
    description:
      name: flutter_styled_toast
      url: "https://pub.flutter-io.cn"
    source: hosted
    version: "2.0.0"
  flutter_svg:
    dependency: "direct main"
    description:
      name: flutter_svg
      url: "https://pub.flutter-io.cn"
    source: hosted
    version: "0.21.0+1"
  flutter_tencentad:
    dependency: transitive
    description:
      name: flutter_tencentad
      url: "https://pub.flutter-io.cn"
    source: hosted
    version: "1.1.4"
  flutter_test:
    dependency: "direct dev"
    description: flutter
    source: sdk
    version: "0.0.0"
  flutter_udid:
    dependency: "direct main"
    description:
      name: flutter_udid
      url: "https://pub.flutter-io.cn"
    source: hosted
    version: "2.0.0"
  flutter_ume:
    dependency: "direct main"
    description:
      name: flutter_ume
      url: "https://pub.flutter-io.cn"
    source: hosted
    version: "0.3.0+1"
  flutter_ume_kit_console:
    dependency: "direct main"
    description:
      name: flutter_ume_kit_console
      url: "https://pub.flutter-io.cn"
    source: hosted
    version: "0.3.0"
  flutter_ume_kit_device:
    dependency: "direct main"
    description:
      name: flutter_ume_kit_device
      url: "https://pub.flutter-io.cn"
    source: hosted
    version: "0.3.0"
  flutter_ume_kit_dio:
    dependency: "direct main"
    description:
      name: flutter_ume_kit_dio
      url: "https://pub.flutter-io.cn"
    source: hosted
    version: "0.3.0"
  flutter_ume_kit_perf:
    dependency: "direct main"
    description:
      name: flutter_ume_kit_perf
      url: "https://pub.flutter-io.cn"
    source: hosted
    version: "0.3.0"
  flutter_ume_kit_show_code:
    dependency: "direct main"
    description:
      name: flutter_ume_kit_show_code
      url: "https://pub.flutter-io.cn"
    source: hosted
    version: "0.3.0"
  flutter_ume_kit_ui:
    dependency: "direct main"
    description:
      name: flutter_ume_kit_ui
      url: "https://pub.flutter-io.cn"
    source: hosted
    version: "0.3.0+1"
  flutter_unionad:
    dependency: transitive
    description:
      name: flutter_unionad
      url: "https://pub.flutter-io.cn"
    source: hosted
    version: "1.2.6"
  flutter_universalad:
    dependency: "direct main"
    description:
      name: flutter_universalad
      url: "https://pub.flutter-io.cn"
    source: hosted
    version: "1.0.10"
  flutter_web_plugins:
    dependency: transitive
    description: flutter
    source: sdk
    version: "0.0.0"
  flutter_webview_plugin:
    dependency: "direct main"
    description:
      path: "."
      ref: master
      resolved-ref: "965b8569a61d416573ea41263f746d62e9cb1074"
      url: "https://github.com/waitwalker/flutter_webview_plugin.git"
    source: git
    version: "1.0.0-nullsafety.0"
  fluttertoast:
    dependency: "direct main"
    description:
      path: "."
      ref: master
      resolved-ref: "81cc249dc064e757afcf21209f7fa89d13151639"
      url: "https://github.com/waitwalker/FlutterToast.git"
    source: git
    version: "8.0.7"
  font_awesome_flutter:
    dependency: "direct main"
    description:
      name: font_awesome_flutter
      url: "https://pub.flutter-io.cn"
    source: hosted
    version: "9.2.0"
  get_it:
    dependency: "direct main"
    description:
      name: get_it
      url: "https://pub.flutter-io.cn"
    source: hosted
    version: "7.2.0"
  glob:
    dependency: transitive
    description:
      name: glob
      url: "https://pub.flutter-io.cn"
    source: hosted
    version: "2.0.2"
  globbing:
    dependency: transitive
    description:
      name: globbing
      url: "https://pub.flutter-io.cn"
    source: hosted
    version: "1.0.0"
  graphs:
    dependency: transitive
    description:
      name: graphs
      url: "https://pub.flutter-io.cn"
    source: hosted
    version: "1.0.0"
  gzx_dropdown_menu:
    dependency: "direct main"
    description:
      name: gzx_dropdown_menu
      url: "https://pub.flutter-io.cn"
    source: hosted
    version: "3.1.0"
  hashcodes:
    dependency: transitive
    description:
      name: hashcodes
      url: "https://pub.flutter-io.cn"
    source: hosted
    version: "2.0.0"
  http:
    dependency: "direct main"
    description:
      name: http
      url: "https://pub.flutter-io.cn"
    source: hosted
    version: "0.13.4"
  http_multi_server:
    dependency: transitive
    description:
      name: http_multi_server
      url: "https://pub.flutter-io.cn"
    source: hosted
    version: "3.2.0"
  http_parser:
    dependency: transitive
    description:
      name: http_parser
      url: "https://pub.flutter-io.cn"
    source: hosted
    version: "4.0.0"
  image:
    dependency: "direct main"
    description:
      name: image
      url: "https://pub.flutter-io.cn"
    source: hosted
    version: "3.1.3"
  image_cropper:
    dependency: "direct main"
    description:
      name: image_cropper
      url: "https://pub.flutter-io.cn"
    source: hosted
    version: "1.5.0"
  image_gallery_saver:
    dependency: "direct main"
    description:
      path: "."
      ref: master
      resolved-ref: "73ab0c6533a420378daccc4d3c67f4179366094d"
      url: "https://github.com/waitwalker/image_gallery_saver.git"
    source: git
    version: "1.6.9"
  image_picker:
    dependency: "direct main"
    description:
      name: image_picker
      url: "https://pub.flutter-io.cn"
    source: hosted
    version: "0.7.5+4"
  image_picker_for_web:
    dependency: transitive
    description:
      name: image_picker_for_web
      url: "https://pub.flutter-io.cn"
    source: hosted
    version: "2.1.6"
  image_picker_platform_interface:
    dependency: transitive
    description:
      name: image_picker_platform_interface
      url: "https://pub.flutter-io.cn"
    source: hosted
    version: "2.4.4"
  image_size_getter:
    dependency: "direct main"
    description:
      name: image_size_getter
      url: "https://pub.flutter-io.cn"
    source: hosted
    version: "1.0.0"
  intl:
    dependency: transitive
    description:
      name: intl
      url: "https://pub.flutter-io.cn"
    source: hosted
    version: "0.17.0"
  intl_translation:
    dependency: "direct main"
    description:
      path: "."
      ref: main
      resolved-ref: c22bad9b886fd47407f6abfe359f3ed7aa1079f5
      url: "https://github.com/waitwalker/intl_translation.git"
    source: git
    version: "0.17.10+1"
  io:
    dependency: transitive
    description:
      name: io
      url: "https://pub.flutter-io.cn"
    source: hosted
    version: "1.0.3"
  jpush_flutter:
    dependency: "direct main"
    description:
      path: "."
      ref: main
      resolved-ref: "8af50c49e5647245e2828be136b511c448f23af9"
      url: "https://github.com/waitwalker/jpush_flutter_2.git"
    source: git
    version: "2.0.1"
  js:
    dependency: transitive
    description:
      name: js
      url: "https://pub.flutter-io.cn"
    source: hosted
    version: "0.6.3"
  json_annotation:
    dependency: "direct main"
    description:
      name: json_annotation
      url: "https://pub.flutter-io.cn"
    source: hosted
    version: "4.1.0"
  json_serializable:
    dependency: "direct dev"
    description:
      name: json_serializable
      url: "https://pub.flutter-io.cn"
    source: hosted
    version: "4.1.4"
  keframe:
    dependency: "direct main"
    description:
      name: keframe
      url: "https://pub.flutter-io.cn"
    source: hosted
    version: "2.0.3"
  logger:
    dependency: "direct main"
    description:
      name: logger
      url: "https://pub.flutter-io.cn"
    source: hosted
    version: "1.1.0"
  logging:
    dependency: "direct main"
    description:
      name: logging
      url: "https://pub.flutter-io.cn"
    source: hosted
    version: "1.0.2"
  lottie:
    dependency: "direct main"
    description:
      name: lottie
      url: "https://pub.flutter-io.cn"
    source: hosted
    version: "1.2.2"
  lpinyin:
    dependency: "direct main"
    description:
      name: lpinyin
      url: "https://pub.flutter-io.cn"
    source: hosted
    version: "2.0.3"
  matcher:
    dependency: transitive
    description:
      name: matcher
      url: "https://pub.flutter-io.cn"
    source: hosted
    version: "0.12.11"
  material_color_utilities:
    dependency: transitive
    description:
      name: material_color_utilities
      url: "https://pub.flutter-io.cn"
    source: hosted
    version: "0.1.3"
  meta:
    dependency: transitive
    description:
      name: meta
      url: "https://pub.flutter-io.cn"
    source: hosted
    version: "1.7.0"
  mime:
    dependency: transitive
    description:
      name: mime
      url: "https://pub.flutter-io.cn"
    source: hosted
    version: "1.0.1"
  nested:
    dependency: transitive
    description:
      name: nested
      url: "https://pub.flutter-io.cn"
    source: hosted
    version: "1.0.0"
  notification_permissions:
    dependency: "direct main"
    description:
      path: "."
      ref: master
      resolved-ref: "35acf5c66a8c837bba7779d9d7f0198251888ea1"
      url: "https://github.com/waitwalker/flutter_notification_permissions.git"
    source: git
    version: "0.5.0"
  octo_image:
    dependency: "direct main"
    description:
      name: octo_image
      url: "https://pub.flutter-io.cn"
    source: hosted
    version: "1.0.1"
  open_file:
    dependency: "direct main"
    description:
      name: open_file
      url: "https://pub.flutter-io.cn"
    source: hosted
    version: "3.2.1"
  orientation:
    dependency: "direct main"
    description:
      name: orientation
      url: "https://pub.flutter-io.cn"
    source: hosted
    version: "1.3.0"
  package_channels:
    dependency: "direct main"
    description:
      path: "."
      ref: master
      resolved-ref: "09f90dfcaf1f05d9d40992e1e4b0ab26fd2f88a1"
      url: "https://github.com/waitwalker/package_channels.git"
    source: git
    version: "0.0.1"
  package_config:
    dependency: transitive
    description:
      name: package_config
      url: "https://pub.flutter-io.cn"
    source: hosted
    version: "2.0.2"
  package_info:
    dependency: "direct main"
    description:
      name: package_info
      url: "https://pub.flutter-io.cn"
    source: hosted
    version: "2.0.2"
  page_transition:
    dependency: "direct main"
    description:
      name: page_transition
      url: "https://pub.flutter-io.cn"
    source: hosted
    version: "2.0.5"
  path:
    dependency: transitive
    description:
      name: path
      url: "https://pub.flutter-io.cn"
    source: hosted
    version: "1.8.0"
  path_drawing:
    dependency: "direct main"
    description:
      name: path_drawing
      url: "https://pub.flutter-io.cn"
    source: hosted
    version: "0.5.1+1"
  path_parsing:
    dependency: transitive
    description:
      name: path_parsing
      url: "https://pub.flutter-io.cn"
    source: hosted
    version: "0.2.1"
  path_provider:
    dependency: "direct main"
    description:
      name: path_provider
      url: "https://pub.flutter-io.cn"
    source: hosted
    version: "2.0.9"
  path_provider_android:
    dependency: transitive
    description:
      name: path_provider_android
      url: "https://pub.flutter-io.cn"
    source: hosted
    version: "2.0.12"
  path_provider_ios:
    dependency: transitive
    description:
      name: path_provider_ios
      url: "https://pub.flutter-io.cn"
    source: hosted
    version: "2.0.8"
  path_provider_linux:
    dependency: transitive
    description:
      name: path_provider_linux
      url: "https://pub.flutter-io.cn"
    source: hosted
    version: "2.1.5"
  path_provider_macos:
    dependency: transitive
    description:
      name: path_provider_macos
      url: "https://pub.flutter-io.cn"
    source: hosted
    version: "2.0.5"
  path_provider_platform_interface:
    dependency: transitive
    description:
      name: path_provider_platform_interface
      url: "https://pub.flutter-io.cn"
    source: hosted
    version: "2.0.3"
  path_provider_windows:
    dependency: transitive
    description:
      name: path_provider_windows
      url: "https://pub.flutter-io.cn"
    source: hosted
    version: "2.0.5"
  pdf_viewer_plugin:
    dependency: "direct main"
    description:
      path: "."
      ref: main
      resolved-ref: ede558a86a19581c6ed0c9816b691e941f244500
      url: "https://github.com/waitwalker/pdf_viewer_plugin.git"
    source: git
    version: "1.1.1"
  pedantic:
    dependency: transitive
    description:
      name: pedantic
      url: "https://pub.flutter-io.cn"
    source: hosted
    version: "1.11.1"
  permission_handler:
    dependency: "direct main"
    description:
      name: permission_handler
      url: "https://pub.flutter-io.cn"
    source: hosted
    version: "9.2.0"
  permission_handler_android:
    dependency: transitive
    description:
      name: permission_handler_android
      url: "https://pub.flutter-io.cn"
    source: hosted
    version: "9.0.2+1"
  permission_handler_apple:
    dependency: transitive
    description:
      name: permission_handler_apple
      url: "https://pub.flutter-io.cn"
    source: hosted
    version: "9.0.3"
  permission_handler_platform_interface:
    dependency: transitive
    description:
      name: permission_handler_platform_interface
      url: "https://pub.flutter-io.cn"
    source: hosted
    version: "3.7.0"
  permission_handler_windows:
    dependency: transitive
    description:
      name: permission_handler_windows
      url: "https://pub.flutter-io.cn"
    source: hosted
    version: "0.1.0"
  petitparser:
    dependency: transitive
    description:
      name: petitparser
      url: "https://pub.flutter-io.cn"
    source: hosted
    version: "4.4.0"
  photo_view:
    dependency: "direct main"
    description:
      name: photo_view
      url: "https://pub.flutter-io.cn"
    source: hosted
    version: "0.12.0"
  picture_verification_code:
    dependency: "direct main"
    description:
      name: picture_verification_code
      url: "https://pub.flutter-io.cn"
    source: hosted
    version: "1.0.0"
  platform:
    dependency: transitive
    description:
      name: platform
      url: "https://pub.flutter-io.cn"
    source: hosted
    version: "3.1.0"
  plugin_platform_interface:
    dependency: transitive
    description:
      name: plugin_platform_interface
      url: "https://pub.flutter-io.cn"
    source: hosted
    version: "2.1.2"
  pointycastle:
    dependency: transitive
    description:
      name: pointycastle
      url: "https://pub.flutter-io.cn"
    source: hosted
    version: "3.5.2"
  pool:
    dependency: transitive
    description:
      name: pool
      url: "https://pub.flutter-io.cn"
    source: hosted
    version: "1.5.0"
  positioned_tap_detector_2:
    dependency: "direct main"
    description:
      name: positioned_tap_detector_2
      url: "https://pub.flutter-io.cn"
    source: hosted
    version: "1.0.4"
  process:
    dependency: transitive
    description:
      name: process
      url: "https://pub.flutter-io.cn"
    source: hosted
    version: "4.2.4"
  provider:
    dependency: "direct main"
    description:
      name: provider
      url: "https://pub.flutter-io.cn"
    source: hosted
    version: "6.0.2"
  pub_semver:
    dependency: transitive
    description:
      name: pub_semver
      url: "https://pub.flutter-io.cn"
    source: hosted
    version: "2.1.1"
  pubspec_parse:
    dependency: transitive
    description:
      name: pubspec_parse
      url: "https://pub.flutter-io.cn"
    source: hosted
    version: "1.1.0"
  pull_to_refresh:
    dependency: "direct main"
    description:
      name: pull_to_refresh
      url: "https://pub.flutter-io.cn"
    source: hosted
    version: "2.0.0"
  qr:
    dependency: transitive
    description:
      name: qr
      url: "https://pub.flutter-io.cn"
    source: hosted
    version: "2.1.0"
  qr_flutter:
    dependency: "direct main"
    description:
      name: qr_flutter
      url: "https://pub.flutter-io.cn"
    source: hosted
    version: "4.0.0"
  quiver:
    dependency: "direct main"
    description:
      name: quiver
      url: "https://pub.flutter-io.cn"
    source: hosted
    version: "3.0.1+1"
  random_color:
    dependency: "direct main"
    description:
      name: random_color
      url: "https://pub.flutter-io.cn"
    source: hosted
    version: "1.0.6-nullsafety"
  redux:
    dependency: transitive
    description:
      name: redux
      url: "https://pub.flutter-io.cn"
    source: hosted
    version: "5.0.0"
  replay_kit_launcher:
    dependency: "direct main"
    description:
      name: replay_kit_launcher
      url: "https://pub.flutter-io.cn"
    source: hosted
    version: "0.3.0"
  rflutter_alert:
    dependency: "direct main"
    description:
      name: rflutter_alert
      url: "https://pub.flutter-io.cn"
    source: hosted
    version: "2.0.4"
  rxdart:
    dependency: "direct main"
    description:
      name: rxdart
      url: "https://pub.flutter-io.cn"
    source: hosted
    version: "0.26.0"
  screen:
    dependency: "direct main"
    description:
      path: "."
      ref: master
      resolved-ref: "73a68d6d6a44bdfac3aeb999762e96f493a4c907"
      url: "https://github.com/waitwalker/flutter_screen.git"
    source: git
    version: "0.0.5"
  screen_recorder:
    dependency: "direct main"
    description:
      name: screen_recorder
      url: "https://pub.flutter-io.cn"
    source: hosted
    version: "0.0.3"
  screenshot:
    dependency: "direct main"
    description:
      name: screenshot
      url: "https://pub.flutter-io.cn"
    source: hosted
    version: "1.2.3"
  scrollable_positioned_list:
    dependency: "direct main"
    description:
      name: scrollable_positioned_list
      url: "https://pub.flutter-io.cn"
    source: hosted
    version: "0.2.3"
  share:
    dependency: transitive
    description:
      name: share
      url: "https://pub.flutter-io.cn"
    source: hosted
    version: "2.0.4"
  share_extend:
    dependency: "direct main"
    description:
      name: share_extend
      url: "https://pub.flutter-io.cn"
    source: hosted
    version: "2.0.0"
  shared_preferences:
    dependency: "direct main"
    description:
      name: shared_preferences
      url: "https://pub.flutter-io.cn"
    source: hosted
    version: "2.0.13"
  shared_preferences_android:
    dependency: transitive
    description:
      name: shared_preferences_android
      url: "https://pub.flutter-io.cn"
    source: hosted
    version: "2.0.11"
  shared_preferences_ios:
    dependency: transitive
    description:
      name: shared_preferences_ios
      url: "https://pub.flutter-io.cn"
    source: hosted
    version: "2.1.0"
  shared_preferences_linux:
    dependency: transitive
    description:
      name: shared_preferences_linux
      url: "https://pub.flutter-io.cn"
    source: hosted
    version: "2.1.0"
  shared_preferences_macos:
    dependency: transitive
    description:
      name: shared_preferences_macos
      url: "https://pub.flutter-io.cn"
    source: hosted
    version: "2.0.3"
  shared_preferences_platform_interface:
    dependency: transitive
    description:
      name: shared_preferences_platform_interface
      url: "https://pub.flutter-io.cn"
    source: hosted
    version: "2.0.0"
  shared_preferences_web:
    dependency: transitive
    description:
      name: shared_preferences_web
      url: "https://pub.flutter-io.cn"
    source: hosted
    version: "2.0.3"
  shared_preferences_windows:
    dependency: transitive
    description:
      name: shared_preferences_windows
      url: "https://pub.flutter-io.cn"
    source: hosted
    version: "2.1.0"
  shelf:
    dependency: transitive
    description:
      name: shelf
      url: "https://pub.flutter-io.cn"
    source: hosted
    version: "1.2.0"
  shelf_web_socket:
    dependency: transitive
    description:
      name: shelf_web_socket
      url: "https://pub.flutter-io.cn"
    source: hosted
    version: "1.0.1"
  shimmer:
    dependency: "direct main"
    description:
      name: shimmer
      url: "https://pub.flutter-io.cn"
    source: hosted
    version: "2.0.0"
  simple_gesture_detector:
    dependency: transitive
    description:
      name: simple_gesture_detector
      url: "https://pub.flutter-io.cn"
    source: hosted
    version: "0.2.0"
  sky_engine:
    dependency: transitive
    description: flutter
    source: sdk
    version: "0.0.99"
  source_gen:
    dependency: transitive
    description:
      name: source_gen
      url: "https://pub.flutter-io.cn"
    source: hosted
    version: "1.0.3"
  source_span:
    dependency: transitive
    description:
      name: source_span
      url: "https://pub.flutter-io.cn"
    source: hosted
    version: "1.8.1"
  sqflite:
    dependency: transitive
    description:
      name: sqflite
      url: "https://pub.flutter-io.cn"
    source: hosted
    version: "2.0.2"
  sqflite_common:
    dependency: transitive
    description:
      name: sqflite_common
      url: "https://pub.flutter-io.cn"
    source: hosted
    version: "2.2.1"
  stack_trace:
    dependency: transitive
    description:
      name: stack_trace
      url: "https://pub.flutter-io.cn"
    source: hosted
    version: "1.10.0"
  stream_channel:
    dependency: transitive
    description:
      name: stream_channel
      url: "https://pub.flutter-io.cn"
    source: hosted
    version: "2.1.0"
  stream_transform:
    dependency: transitive
    description:
      name: stream_transform
      url: "https://pub.flutter-io.cn"
    source: hosted
    version: "2.0.0"
  string_scanner:
    dependency: transitive
    description:
      name: string_scanner
      url: "https://pub.flutter-io.cn"
    source: hosted
    version: "1.1.0"
  synchronized:
    dependency: transitive
    description:
      name: synchronized
      url: "https://pub.flutter-io.cn"
    source: hosted
    version: "3.0.0"
  system_info:
    dependency: transitive
    description:
      name: system_info
      url: "https://pub.flutter-io.cn"
    source: hosted
    version: "1.0.1"
  table_calendar:
    dependency: "direct main"
    description:
      name: table_calendar
      url: "https://pub.flutter-io.cn"
    source: hosted
    version: "3.0.5"
  term_glyph:
    dependency: transitive
    description:
      name: term_glyph
      url: "https://pub.flutter-io.cn"
    source: hosted
    version: "1.2.0"
  test_api:
    dependency: transitive
    description:
      name: test_api
      url: "https://pub.flutter-io.cn"
    source: hosted
    version: "0.4.8"
  timing:
    dependency: transitive
    description:
      name: timing
      url: "https://pub.flutter-io.cn"
    source: hosted
    version: "1.0.0"
  touch_indicator:
    dependency: transitive
    description:
      name: touch_indicator
      url: "https://pub.flutter-io.cn"
    source: hosted
    version: "2.0.0"
  tuple:
    dependency: transitive
    description:
      name: tuple
      url: "https://pub.flutter-io.cn"
    source: hosted
    version: "2.0.0"
  typed_data:
    dependency: transitive
    description:
      name: typed_data
      url: "https://pub.flutter-io.cn"
    source: hosted
    version: "1.3.0"
  umeng_plugin:
    dependency: "direct main"
    description:
      path: "."
      ref: master
      resolved-ref: e222856b9d52c46e86a60026dea33da3cce91542
      url: "https://github.com/waitwalker/umeng_plugin.git"
    source: git
    version: "0.0.1"
  url_launcher:
    dependency: "direct main"
    description:
      name: url_launcher
      url: "https://pub.flutter-io.cn"
    source: hosted
    version: "6.0.20"
  url_launcher_android:
    dependency: transitive
    description:
      name: url_launcher_android
      url: "https://pub.flutter-io.cn"
    source: hosted
    version: "6.0.15"
  url_launcher_ios:
    dependency: transitive
    description:
      name: url_launcher_ios
      url: "https://pub.flutter-io.cn"
    source: hosted
    version: "6.0.15"
  url_launcher_linux:
    dependency: transitive
    description:
      name: url_launcher_linux
      url: "https://pub.flutter-io.cn"
    source: hosted
    version: "3.0.0"
  url_launcher_macos:
    dependency: transitive
    description:
      name: url_launcher_macos
      url: "https://pub.flutter-io.cn"
    source: hosted
    version: "3.0.0"
  url_launcher_platform_interface:
    dependency: transitive
    description:
      name: url_launcher_platform_interface
      url: "https://pub.flutter-io.cn"
    source: hosted
    version: "2.0.5"
  url_launcher_web:
    dependency: transitive
    description:
      name: url_launcher_web
      url: "https://pub.flutter-io.cn"
    source: hosted
    version: "2.0.9"
  url_launcher_windows:
    dependency: transitive
    description:
      name: url_launcher_windows
      url: "https://pub.flutter-io.cn"
    source: hosted
    version: "3.0.0"
  uuid:
    dependency: transitive
    description:
      name: uuid
      url: "https://pub.flutter-io.cn"
    source: hosted
    version: "3.0.6"
  vector_math:
    dependency: transitive
    description:
      name: vector_math
      url: "https://pub.flutter-io.cn"
    source: hosted
    version: "2.1.1"
  videoplayer:
    dependency: "direct main"
    description:
      path: "."
      ref: main
      resolved-ref: "31f982e8202120b9b3fee59ec7cb176cafd5f216"
      url: "https://github.com/waitwalker/video_player_flutter_2.git"
    source: git
    version: "0.0.1"
  vm_service:
    dependency: transitive
    description:
      name: vm_service
      url: "https://pub.flutter-io.cn"
    source: hosted
    version: "7.5.0"
  wakelock:
    dependency: "direct main"
    description:
      name: wakelock
      url: "https://pub.flutter-io.cn"
    source: hosted
    version: "0.5.6"
  wakelock_macos:
    dependency: transitive
    description:
      name: wakelock_macos
      url: "https://pub.flutter-io.cn"
    source: hosted
    version: "0.4.0"
  wakelock_platform_interface:
    dependency: transitive
    description:
      name: wakelock_platform_interface
      url: "https://pub.flutter-io.cn"
    source: hosted
    version: "0.3.0"
  wakelock_web:
    dependency: transitive
    description:
      name: wakelock_web
      url: "https://pub.flutter-io.cn"
    source: hosted
    version: "0.4.0"
  wakelock_windows:
    dependency: transitive
    description:
      name: wakelock_windows
      url: "https://pub.flutter-io.cn"
    source: hosted
    version: "0.2.0"
  watcher:
    dependency: transitive
    description:
      name: watcher
      url: "https://pub.flutter-io.cn"
    source: hosted
    version: "1.0.1"
  web_socket_channel:
    dependency: transitive
    description:
      name: web_socket_channel
      url: "https://pub.flutter-io.cn"
    source: hosted
    version: "2.1.0"
  webview_flutter:
    dependency: "direct main"
    description:
      path: "."
      ref: "57c639ebd4f05c6956821722cd496ea5496fd44c"
      resolved-ref: "57c639ebd4f05c6956821722cd496ea5496fd44c"
      url: "https://github.com/waitwalker/webview_flutter.git"
    source: git
    version: "2.0.4"
  win32:
    dependency: transitive
    description:
      name: win32
      url: "https://pub.flutter-io.cn"
    source: hosted
    version: "2.4.4"
  xdg_directories:
    dependency: transitive
    description:
      name: xdg_directories
      url: "https://pub.flutter-io.cn"
    source: hosted
    version: "0.2.0+1"
  xml:
    dependency: transitive
    description:
      name: xml
      url: "https://pub.flutter-io.cn"
    source: hosted
    version: "5.3.1"
  yaml:
    dependency: transitive
    description:
      name: yaml
      url: "https://pub.flutter-io.cn"
    source: hosted
    version: "3.1.0"
sdks:
  dart: ">=2.16.0 <3.0.0"
  flutter: ">=2.10.0"
